// !$*UTF8*$!
{
	archiveVersion = 1;
	classes = {
	};
	objectVersion = 50;
	objects = {

/* Begin PBXBuildFile section */
		040028052474BF2A009D3A22 /* MainCategoryCell.xib in Resources */ = {isa = PBXBuildFile; fileRef = 040028042474BF2A009D3A22 /* MainCategoryCell.xib */; };
		040028072474D3CB009D3A22 /* MainCategoryCell.swift in Sources */ = {isa = PBXBuildFile; fileRef = 040028062474D3CB009D3A22 /* MainCategoryCell.swift */; };
		0400280A2474D8AB009D3A22 /* Segue.swift in Sources */ = {isa = PBXBuildFile; fileRef = 040028092474D8AB009D3A22 /* Segue.swift */; };
		0400280C2474E006009D3A22 /* AnalyzesViewModel.swift in Sources */ = {isa = PBXBuildFile; fileRef = 0400280B2474E006009D3A22 /* AnalyzesViewModel.swift */; };
		0400280E2475004D009D3A22 /* MainViewModel.swift in Sources */ = {isa = PBXBuildFile; fileRef = 0400280D2475004D009D3A22 /* MainViewModel.swift */; };
		0400281324753150009D3A22 /* QRScannerViewController.swift in Sources */ = {isa = PBXBuildFile; fileRef = 0400281224753150009D3A22 /* QRScannerViewController.swift */; };
		04605BD5247291C5008727E8 /* AppDelegate.swift in Sources */ = {isa = PBXBuildFile; fileRef = 04605BD4247291C5008727E8 /* AppDelegate.swift */; };
		04605BDE247291C6008727E8 /* Assets.xcassets in Resources */ = {isa = PBXBuildFile; fileRef = 04605BDD247291C6008727E8 /* Assets.xcassets */; };
		04605BE1247291C6008727E8 /* LaunchScreen.storyboard in Resources */ = {isa = PBXBuildFile; fileRef = 04605BDF247291C6008727E8 /* LaunchScreen.storyboard */; };
		04605C1924729A6E008727E8 /* LaunchViewController.swift in Sources */ = {isa = PBXBuildFile; fileRef = 04605C1824729A6E008727E8 /* LaunchViewController.swift */; };
		04605C1B24729C1F008727E8 /* BaseViewController.swift in Sources */ = {isa = PBXBuildFile; fileRef = 04605C1A24729C1F008727E8 /* BaseViewController.swift */; };
		04605C1F24729DC4008727E8 /* DataBinding.swift in Sources */ = {isa = PBXBuildFile; fileRef = 04605C1E24729DC4008727E8 /* DataBinding.swift */; };
		04605C2524737A8D008727E8 /* GoogleService-Info.plist in Resources */ = {isa = PBXBuildFile; fileRef = 04605C2424737A8D008727E8 /* GoogleService-Info.plist */; };
		04605C312473B15F008727E8 /* Dreams.json in Resources */ = {isa = PBXBuildFile; fileRef = 04605C302473B15F008727E8 /* Dreams.json */; };
		04605C332473C538008727E8 /* Main.storyboard in Resources */ = {isa = PBXBuildFile; fileRef = 04605C322473C538008727E8 /* Main.storyboard */; };
		04605C352473C623008727E8 /* RoundableView.swift in Sources */ = {isa = PBXBuildFile; fileRef = 04605C342473C623008727E8 /* RoundableView.swift */; };
		04605C372473C654008727E8 /* LTView.swift in Sources */ = {isa = PBXBuildFile; fileRef = 04605C362473C654008727E8 /* LTView.swift */; };
		04605C392473C6C0008727E8 /* UIView+Extension.swift in Sources */ = {isa = PBXBuildFile; fileRef = 04605C382473C6C0008727E8 /* UIView+Extension.swift */; };
		04605C3B2473C77F008727E8 /* MainViewController.swift in Sources */ = {isa = PBXBuildFile; fileRef = 04605C3A2473C77F008727E8 /* MainViewController.swift */; };
		04605C3D2473C964008727E8 /* Analyzes.storyboard in Resources */ = {isa = PBXBuildFile; fileRef = 04605C3C2473C964008727E8 /* Analyzes.storyboard */; };
		04605C3F2473CAB8008727E8 /* AnalyzesViewController.swift in Sources */ = {isa = PBXBuildFile; fileRef = 04605C3E2473CAB8008727E8 /* AnalyzesViewController.swift */; };
		04605C412473CBD9008727E8 /* BaseNavigationController.swift in Sources */ = {isa = PBXBuildFile; fileRef = 04605C402473CBD9008727E8 /* BaseNavigationController.swift */; };
		04605C432473CCD2008727E8 /* Utils.swift in Sources */ = {isa = PBXBuildFile; fileRef = 04605C422473CCD2008727E8 /* Utils.swift */; };
		04605C452473CF93008727E8 /* RecommendedViewController.swift in Sources */ = {isa = PBXBuildFile; fileRef = 04605C442473CF93008727E8 /* RecommendedViewController.swift */; };
		04605C472473D016008727E8 /* RecommendedCell.xib in Resources */ = {isa = PBXBuildFile; fileRef = 04605C462473D016008727E8 /* RecommendedCell.xib */; };
		04605C492473D2FA008727E8 /* RecommendedCell.swift in Sources */ = {isa = PBXBuildFile; fileRef = 04605C482473D2FA008727E8 /* RecommendedCell.swift */; };
		04605C4B2473D318008727E8 /* LTTableCell.swift in Sources */ = {isa = PBXBuildFile; fileRef = 04605C4A2473D318008727E8 /* LTTableCell.swift */; };
		04605C4D2473D66D008727E8 /* LottoHistoryCell.xib in Resources */ = {isa = PBXBuildFile; fileRef = 04605C4C2473D66D008727E8 /* LottoHistoryCell.xib */; };
		04605C4F2473D798008727E8 /* LottoHistoryCell.swift in Sources */ = {isa = PBXBuildFile; fileRef = 04605C4E2473D798008727E8 /* LottoHistoryCell.swift */; };
		04605C512473D9BF008727E8 /* LottoHistory.storyboard in Resources */ = {isa = PBXBuildFile; fileRef = 04605C502473D9BF008727E8 /* LottoHistory.storyboard */; };
		04605C532473DA61008727E8 /* LottoHistoryViewController.swift in Sources */ = {isa = PBXBuildFile; fileRef = 04605C522473DA61008727E8 /* LottoHistoryViewController.swift */; };
		04605C552473E6A4008727E8 /* Settings.storyboard in Resources */ = {isa = PBXBuildFile; fileRef = 04605C542473E6A4008727E8 /* Settings.storyboard */; };
		04605C572473E932008727E8 /* SettingsViewController.swift in Sources */ = {isa = PBXBuildFile; fileRef = 04605C562473E932008727E8 /* SettingsViewController.swift */; };
		04605C592473EFD3008727E8 /* MyNumbers.storyboard in Resources */ = {isa = PBXBuildFile; fileRef = 04605C582473EFD3008727E8 /* MyNumbers.storyboard */; };
		04605C5B2473F09F008727E8 /* MyNumbersViewController.swift in Sources */ = {isa = PBXBuildFile; fileRef = 04605C5A2473F09F008727E8 /* MyNumbersViewController.swift */; };
		04826FCA2477578A003AFEA7 /* RandomGeneratorViewController.swift in Sources */ = {isa = PBXBuildFile; fileRef = 04826FC92477578A003AFEA7 /* RandomGeneratorViewController.swift */; };
		04826FCC24775B14003AFEA7 /* LottoBallCell.xib in Resources */ = {isa = PBXBuildFile; fileRef = 04826FCB24775B14003AFEA7 /* LottoBallCell.xib */; };
		04826FCE24775B27003AFEA7 /* LottoBallCell.swift in Sources */ = {isa = PBXBuildFile; fileRef = 04826FCD24775B27003AFEA7 /* LottoBallCell.swift */; };
		04826FD024775BAB003AFEA7 /* LTCollectionViewCell.swift in Sources */ = {isa = PBXBuildFile; fileRef = 04826FCF24775BAB003AFEA7 /* LTCollectionViewCell.swift */; };
		04826FD224776000003AFEA7 /* LottoBallHeaderView.swift in Sources */ = {isa = PBXBuildFile; fileRef = 04826FD124776000003AFEA7 /* LottoBallHeaderView.swift */; };
		04826FD42477600A003AFEA7 /* LottoBallHeaderView.xib in Resources */ = {isa = PBXBuildFile; fileRef = 04826FD32477600A003AFEA7 /* LottoBallHeaderView.xib */; };
		04826FD624776E96003AFEA7 /* UIColor + Extension.swift in Sources */ = {isa = PBXBuildFile; fileRef = 04826FD524776E96003AFEA7 /* UIColor + Extension.swift */; };
		04826FD824777544003AFEA7 /* Toast.swift in Sources */ = {isa = PBXBuildFile; fileRef = 04826FD724777544003AFEA7 /* Toast.swift */; };
		04826FDA247785DF003AFEA7 /* RandomGeneratorViewModel.swift in Sources */ = {isa = PBXBuildFile; fileRef = 04826FD9247785DF003AFEA7 /* RandomGeneratorViewModel.swift */; };
		048AEBF824762A24009130DA /* Key.swift in Sources */ = {isa = PBXBuildFile; fileRef = 048AEBF724762A24009130DA /* Key.swift */; };
		048AEBFA24762B57009130DA /* DreamSelection.storyboard in Resources */ = {isa = PBXBuildFile; fileRef = 048AEBF924762B57009130DA /* DreamSelection.storyboard */; };
		048AEBFC24762B92009130DA /* DreamSelectionViewController.swift in Sources */ = {isa = PBXBuildFile; fileRef = 048AEBFB24762B92009130DA /* DreamSelectionViewController.swift */; };
		048AEBFE24762BFA009130DA /* Recommended.storyboard in Resources */ = {isa = PBXBuildFile; fileRef = 048AEBFD24762BFA009130DA /* Recommended.storyboard */; };
		048AEC0024764AF5009130DA /* DreamSelectionViewModel.swift in Sources */ = {isa = PBXBuildFile; fileRef = 048AEBFF24764AF5009130DA /* DreamSelectionViewModel.swift */; };
		048AEC0524768F6E009130DA /* Random.storyboard in Resources */ = {isa = PBXBuildFile; fileRef = 048AEC0424768F6E009130DA /* Random.storyboard */; };
		8363BBC9B2862E3F2FA4612D /* Pods_Lotto365.framework in Frameworks */ = {isa = PBXBuildFile; fileRef = D5CE8AEA374964D41D3AE4F6 /* Pods_Lotto365.framework */; };
/* End PBXBuildFile section */

/* Begin PBXFileReference section */
		040028042474BF2A009D3A22 /* MainCategoryCell.xib */ = {isa = PBXFileReference; lastKnownFileType = file.xib; path = MainCategoryCell.xib; sourceTree = "<group>"; };
		040028062474D3CB009D3A22 /* MainCategoryCell.swift */ = {isa = PBXFileReference; lastKnownFileType = sourcecode.swift; path = MainCategoryCell.swift; sourceTree = "<group>"; };
		040028092474D8AB009D3A22 /* Segue.swift */ = {isa = PBXFileReference; lastKnownFileType = sourcecode.swift; path = Segue.swift; sourceTree = "<group>"; };
		0400280B2474E006009D3A22 /* AnalyzesViewModel.swift */ = {isa = PBXFileReference; lastKnownFileType = sourcecode.swift; path = AnalyzesViewModel.swift; sourceTree = "<group>"; };
		0400280D2475004D009D3A22 /* MainViewModel.swift */ = {isa = PBXFileReference; lastKnownFileType = sourcecode.swift; path = MainViewModel.swift; sourceTree = "<group>"; };
		0400281224753150009D3A22 /* QRScannerViewController.swift */ = {isa = PBXFileReference; lastKnownFileType = sourcecode.swift; path = QRScannerViewController.swift; sourceTree = "<group>"; };
		04605BD1247291C5008727E8 /* Lotto365.app */ = {isa = PBXFileReference; explicitFileType = wrapper.application; includeInIndex = 0; path = Lotto365.app; sourceTree = BUILT_PRODUCTS_DIR; };
		04605BD4247291C5008727E8 /* AppDelegate.swift */ = {isa = PBXFileReference; lastKnownFileType = sourcecode.swift; path = AppDelegate.swift; sourceTree = "<group>"; };
		04605BDD247291C6008727E8 /* Assets.xcassets */ = {isa = PBXFileReference; lastKnownFileType = folder.assetcatalog; path = Assets.xcassets; sourceTree = "<group>"; };
		04605BE0247291C6008727E8 /* Base */ = {isa = PBXFileReference; lastKnownFileType = file.storyboard; name = Base; path = Base.lproj/LaunchScreen.storyboard; sourceTree = "<group>"; };
		04605BE2247291C6008727E8 /* Info.plist */ = {isa = PBXFileReference; lastKnownFileType = text.plist.xml; path = Info.plist; sourceTree = "<group>"; };
		04605C1824729A6E008727E8 /* LaunchViewController.swift */ = {isa = PBXFileReference; lastKnownFileType = sourcecode.swift; path = LaunchViewController.swift; sourceTree = "<group>"; };
		04605C1A24729C1F008727E8 /* BaseViewController.swift */ = {isa = PBXFileReference; lastKnownFileType = sourcecode.swift; path = BaseViewController.swift; sourceTree = "<group>"; };
		04605C1E24729DC4008727E8 /* DataBinding.swift */ = {isa = PBXFileReference; lastKnownFileType = sourcecode.swift; path = DataBinding.swift; sourceTree = "<group>"; };
		04605C22247372EA008727E8 /* Lotto365.entitlements */ = {isa = PBXFileReference; lastKnownFileType = text.plist.entitlements; path = Lotto365.entitlements; sourceTree = "<group>"; };
		04605C2424737A8D008727E8 /* GoogleService-Info.plist */ = {isa = PBXFileReference; fileEncoding = 4; lastKnownFileType = text.plist.xml; path = "GoogleService-Info.plist"; sourceTree = "<group>"; };
		04605C302473B15F008727E8 /* Dreams.json */ = {isa = PBXFileReference; fileEncoding = 4; lastKnownFileType = text.json; path = Dreams.json; sourceTree = "<group>"; };
		04605C322473C538008727E8 /* Main.storyboard */ = {isa = PBXFileReference; lastKnownFileType = file.storyboard; path = Main.storyboard; sourceTree = "<group>"; };
		04605C342473C623008727E8 /* RoundableView.swift */ = {isa = PBXFileReference; lastKnownFileType = sourcecode.swift; path = RoundableView.swift; sourceTree = "<group>"; };
		04605C362473C654008727E8 /* LTView.swift */ = {isa = PBXFileReference; lastKnownFileType = sourcecode.swift; path = LTView.swift; sourceTree = "<group>"; };
		04605C382473C6C0008727E8 /* UIView+Extension.swift */ = {isa = PBXFileReference; lastKnownFileType = sourcecode.swift; path = "UIView+Extension.swift"; sourceTree = "<group>"; };
		04605C3A2473C77F008727E8 /* MainViewController.swift */ = {isa = PBXFileReference; lastKnownFileType = sourcecode.swift; path = MainViewController.swift; sourceTree = "<group>"; };
		04605C3C2473C964008727E8 /* Analyzes.storyboard */ = {isa = PBXFileReference; lastKnownFileType = file.storyboard; path = Analyzes.storyboard; sourceTree = "<group>"; };
		04605C3E2473CAB8008727E8 /* AnalyzesViewController.swift */ = {isa = PBXFileReference; lastKnownFileType = sourcecode.swift; path = AnalyzesViewController.swift; sourceTree = "<group>"; };
		04605C402473CBD9008727E8 /* BaseNavigationController.swift */ = {isa = PBXFileReference; lastKnownFileType = sourcecode.swift; path = BaseNavigationController.swift; sourceTree = "<group>"; };
		04605C422473CCD2008727E8 /* Utils.swift */ = {isa = PBXFileReference; lastKnownFileType = sourcecode.swift; path = Utils.swift; sourceTree = "<group>"; };
		04605C442473CF93008727E8 /* RecommendedViewController.swift */ = {isa = PBXFileReference; lastKnownFileType = sourcecode.swift; path = RecommendedViewController.swift; sourceTree = "<group>"; };
		04605C462473D016008727E8 /* RecommendedCell.xib */ = {isa = PBXFileReference; lastKnownFileType = file.xib; path = RecommendedCell.xib; sourceTree = "<group>"; };
		04605C482473D2FA008727E8 /* RecommendedCell.swift */ = {isa = PBXFileReference; lastKnownFileType = sourcecode.swift; path = RecommendedCell.swift; sourceTree = "<group>"; };
		04605C4A2473D318008727E8 /* LTTableCell.swift */ = {isa = PBXFileReference; lastKnownFileType = sourcecode.swift; path = LTTableCell.swift; sourceTree = "<group>"; };
		04605C4C2473D66D008727E8 /* LottoHistoryCell.xib */ = {isa = PBXFileReference; lastKnownFileType = file.xib; path = LottoHistoryCell.xib; sourceTree = "<group>"; };
		04605C4E2473D798008727E8 /* LottoHistoryCell.swift */ = {isa = PBXFileReference; lastKnownFileType = sourcecode.swift; path = LottoHistoryCell.swift; sourceTree = "<group>"; };
		04605C502473D9BF008727E8 /* LottoHistory.storyboard */ = {isa = PBXFileReference; lastKnownFileType = file.storyboard; path = LottoHistory.storyboard; sourceTree = "<group>"; };
		04605C522473DA61008727E8 /* LottoHistoryViewController.swift */ = {isa = PBXFileReference; lastKnownFileType = sourcecode.swift; path = LottoHistoryViewController.swift; sourceTree = "<group>"; };
		04605C542473E6A4008727E8 /* Settings.storyboard */ = {isa = PBXFileReference; lastKnownFileType = file.storyboard; path = Settings.storyboard; sourceTree = "<group>"; };
		04605C562473E932008727E8 /* SettingsViewController.swift */ = {isa = PBXFileReference; lastKnownFileType = sourcecode.swift; path = SettingsViewController.swift; sourceTree = "<group>"; };
		04605C582473EFD3008727E8 /* MyNumbers.storyboard */ = {isa = PBXFileReference; lastKnownFileType = file.storyboard; path = MyNumbers.storyboard; sourceTree = "<group>"; };
		04605C5A2473F09F008727E8 /* MyNumbersViewController.swift */ = {isa = PBXFileReference; lastKnownFileType = sourcecode.swift; path = MyNumbersViewController.swift; sourceTree = "<group>"; };
		04826FC92477578A003AFEA7 /* RandomGeneratorViewController.swift */ = {isa = PBXFileReference; lastKnownFileType = sourcecode.swift; path = RandomGeneratorViewController.swift; sourceTree = "<group>"; };
		04826FCB24775B14003AFEA7 /* LottoBallCell.xib */ = {isa = PBXFileReference; lastKnownFileType = file.xib; path = LottoBallCell.xib; sourceTree = "<group>"; };
		04826FCD24775B27003AFEA7 /* LottoBallCell.swift */ = {isa = PBXFileReference; lastKnownFileType = sourcecode.swift; path = LottoBallCell.swift; sourceTree = "<group>"; };
		04826FCF24775BAB003AFEA7 /* LTCollectionViewCell.swift */ = {isa = PBXFileReference; lastKnownFileType = sourcecode.swift; path = LTCollectionViewCell.swift; sourceTree = "<group>"; };
		04826FD124776000003AFEA7 /* LottoBallHeaderView.swift */ = {isa = PBXFileReference; lastKnownFileType = sourcecode.swift; path = LottoBallHeaderView.swift; sourceTree = "<group>"; };
		04826FD32477600A003AFEA7 /* LottoBallHeaderView.xib */ = {isa = PBXFileReference; lastKnownFileType = file.xib; path = LottoBallHeaderView.xib; sourceTree = "<group>"; };
		04826FD524776E96003AFEA7 /* UIColor + Extension.swift */ = {isa = PBXFileReference; lastKnownFileType = sourcecode.swift; path = "UIColor + Extension.swift"; sourceTree = "<group>"; };
		04826FD724777544003AFEA7 /* Toast.swift */ = {isa = PBXFileReference; lastKnownFileType = sourcecode.swift; path = Toast.swift; sourceTree = "<group>"; };
		04826FD9247785DF003AFEA7 /* RandomGeneratorViewModel.swift */ = {isa = PBXFileReference; lastKnownFileType = sourcecode.swift; path = RandomGeneratorViewModel.swift; sourceTree = "<group>"; };
		048AEBF724762A24009130DA /* Key.swift */ = {isa = PBXFileReference; lastKnownFileType = sourcecode.swift; path = Key.swift; sourceTree = "<group>"; };
		048AEBF924762B57009130DA /* DreamSelection.storyboard */ = {isa = PBXFileReference; lastKnownFileType = file.storyboard; path = DreamSelection.storyboard; sourceTree = "<group>"; };
		048AEBFB24762B92009130DA /* DreamSelectionViewController.swift */ = {isa = PBXFileReference; lastKnownFileType = sourcecode.swift; path = DreamSelectionViewController.swift; sourceTree = "<group>"; };
		048AEBFD24762BFA009130DA /* Recommended.storyboard */ = {isa = PBXFileReference; lastKnownFileType = file.storyboard; path = Recommended.storyboard; sourceTree = "<group>"; };
		048AEBFF24764AF5009130DA /* DreamSelectionViewModel.swift */ = {isa = PBXFileReference; lastKnownFileType = sourcecode.swift; path = DreamSelectionViewModel.swift; sourceTree = "<group>"; };
		048AEC0424768F6E009130DA /* Random.storyboard */ = {isa = PBXFileReference; lastKnownFileType = file.storyboard; path = Random.storyboard; sourceTree = "<group>"; };
		15E104ABC2122FCC48507374 /* Pods-Lotto365.debug.xcconfig */ = {isa = PBXFileReference; includeInIndex = 1; lastKnownFileType = text.xcconfig; name = "Pods-Lotto365.debug.xcconfig"; path = "Target Support Files/Pods-Lotto365/Pods-Lotto365.debug.xcconfig"; sourceTree = "<group>"; };
		50822B85C0B19C099B3B71E8 /* Pods-Lotto365.release.xcconfig */ = {isa = PBXFileReference; includeInIndex = 1; lastKnownFileType = text.xcconfig; name = "Pods-Lotto365.release.xcconfig"; path = "Target Support Files/Pods-Lotto365/Pods-Lotto365.release.xcconfig"; sourceTree = "<group>"; };
		D5CE8AEA374964D41D3AE4F6 /* Pods_Lotto365.framework */ = {isa = PBXFileReference; explicitFileType = wrapper.framework; includeInIndex = 0; path = Pods_Lotto365.framework; sourceTree = BUILT_PRODUCTS_DIR; };
/* End PBXFileReference section */

/* Begin PBXFrameworksBuildPhase section */
		04605BCE247291C5008727E8 /* Frameworks */ = {
			isa = PBXFrameworksBuildPhase;
			buildActionMask = 2147483647;
			files = (
				8363BBC9B2862E3F2FA4612D /* Pods_Lotto365.framework in Frameworks */,
			);
			runOnlyForDeploymentPostprocessing = 0;
		};
/* End PBXFrameworksBuildPhase section */

/* Begin PBXGroup section */
		040028082474D892009D3A22 /* Constant */ = {
			isa = PBXGroup;
			children = (
				040028092474D8AB009D3A22 /* Segue.swift */,
				048AEBF724762A24009130DA /* Key.swift */,
			);
			path = Constant;
			sourceTree = "<group>";
		};
		0400280F24753118009D3A22 /* QRScanner */ = {
			isa = PBXGroup;
			children = (
				040028102475312A009D3A22 /* View */,
				0400281124753130009D3A22 /* ViewModel */,
			);
			path = QRScanner;
			sourceTree = "<group>";
		};
		040028102475312A009D3A22 /* View */ = {
			isa = PBXGroup;
			children = (
				0400281224753150009D3A22 /* QRScannerViewController.swift */,
			);
			path = View;
			sourceTree = "<group>";
		};
		0400281124753130009D3A22 /* ViewModel */ = {
			isa = PBXGroup;
			children = (
			);
			path = ViewModel;
			sourceTree = "<group>";
		};
		04605BC8247291C5008727E8 = {
			isa = PBXGroup;
			children = (
				04605BD3247291C5008727E8 /* Lotto365 */,
				04605BD2247291C5008727E8 /* Products */,
				767C76443C63A9EDFB163050 /* Pods */,
				158043A5E71D340455357725 /* Frameworks */,
			);
			sourceTree = "<group>";
		};
		04605BD2247291C5008727E8 /* Products */ = {
			isa = PBXGroup;
			children = (
				04605BD1247291C5008727E8 /* Lotto365.app */,
			);
			name = Products;
			sourceTree = "<group>";
		};
		04605BD3247291C5008727E8 /* Lotto365 */ = {
			isa = PBXGroup;
			children = (
				04605BE2247291C6008727E8 /* Info.plist */,
				04605C2424737A8D008727E8 /* GoogleService-Info.plist */,
				04605C22247372EA008727E8 /* Lotto365.entitlements */,
				04605BE82472922D008727E8 /* Application */,
				04605BE924729260008727E8 /* Common */,
				04605BEE247292AD008727E8 /* Presentation */,
				04605BEB24729276008727E8 /* Domain */,
				04605BF224729347008727E8 /* Data */,
				04605BFA2472956C008727E8 /* Infrastructure */,
				04605BF1247292FA008727E8 /* Resource */,
			);
			path = Lotto365;
			sourceTree = "<group>";
		};
		04605BE82472922D008727E8 /* Application */ = {
			isa = PBXGroup;
			children = (
				04605BD4247291C5008727E8 /* AppDelegate.swift */,
			);
			path = Application;
			sourceTree = "<group>";
		};
		04605BE924729260008727E8 /* Common */ = {
			isa = PBXGroup;
			children = (
				040028082474D892009D3A22 /* Constant */,
				04605BF52472939C008727E8 /* Base */,
				04605BF424729391008727E8 /* Utils */,
				04605BF32472938B008727E8 /* Extension */,
			);
			path = Common;
			sourceTree = "<group>";
		};
		04605BEA24729268008727E8 /* ViewModel */ = {
			isa = PBXGroup;
			children = (
			);
			path = ViewModel;
			sourceTree = "<group>";
		};
		04605BEB24729276008727E8 /* Domain */ = {
			isa = PBXGroup;
			children = (
				04605BF6247293DE008727E8 /* Entities */,
				04605BF7247293E4008727E8 /* UseCases */,
				04605BF824729403008727E8 /* RepositoryInterface */,
			);
			path = Domain;
			sourceTree = "<group>";
		};
		04605BEC2472927D008727E8 /* Network */ = {
			isa = PBXGroup;
			children = (
			);
			path = Network;
			sourceTree = "<group>";
		};
		04605BED24729289008727E8 /* PersistentStorage */ = {
			isa = PBXGroup;
			children = (
			);
			path = PersistentStorage;
			sourceTree = "<group>";
		};
		04605BEE247292AD008727E8 /* Presentation */ = {
			isa = PBXGroup;
			children = (
				04605BEF247292C7008727E8 /* Launch */,
				04605BFC2472984E008727E8 /* Main */,
				0400280F24753118009D3A22 /* QRScanner */,
				04605BFD24729889008727E8 /* Analyzes */,
				04605BFE24729898008727E8 /* DreamSelection */,
				048AEC0124768F4A009130DA /* RandomGenerator */,
				04605BFF247298B0008727E8 /* RecommendedNumber */,
				04605C0024729909008727E8 /* History(Hide) */,
				04605C0124729918008727E8 /* MyNumbers */,
				04605C0224729927008727E8 /* Settings */,
				04605C0424729940008727E8 /* ServiceCenter */,
				04605C032472992C008727E8 /* Usages */,
			);
			path = Presentation;
			sourceTree = "<group>";
		};
		04605BEF247292C7008727E8 /* Launch */ = {
			isa = PBXGroup;
			children = (
				04605BF0247292CE008727E8 /* View */,
				04605BEA24729268008727E8 /* ViewModel */,
			);
			path = Launch;
			sourceTree = "<group>";
		};
		04605BF0247292CE008727E8 /* View */ = {
			isa = PBXGroup;
			children = (
				04605BDF247291C6008727E8 /* LaunchScreen.storyboard */,
				04605C1824729A6E008727E8 /* LaunchViewController.swift */,
			);
			path = View;
			sourceTree = "<group>";
		};
		04605BF1247292FA008727E8 /* Resource */ = {
			isa = PBXGroup;
			children = (
				04605C302473B15F008727E8 /* Dreams.json */,
				04605BDD247291C6008727E8 /* Assets.xcassets */,
			);
			path = Resource;
			sourceTree = "<group>";
		};
		04605BF224729347008727E8 /* Data */ = {
			isa = PBXGroup;
			children = (
				04605BF92472954D008727E8 /* Repositories */,
				04605BED24729289008727E8 /* PersistentStorage */,
				04605BEC2472927D008727E8 /* Network */,
			);
			path = Data;
			sourceTree = "<group>";
		};
		04605BF32472938B008727E8 /* Extension */ = {
			isa = PBXGroup;
			children = (
				04605C382473C6C0008727E8 /* UIView+Extension.swift */,
				04826FD524776E96003AFEA7 /* UIColor + Extension.swift */,
			);
			path = Extension;
			sourceTree = "<group>";
		};
		04605BF424729391008727E8 /* Utils */ = {
			isa = PBXGroup;
			children = (
				04605C422473CCD2008727E8 /* Utils.swift */,
			);
			path = Utils;
			sourceTree = "<group>";
		};
		04605BF52472939C008727E8 /* Base */ = {
			isa = PBXGroup;
			children = (
				04605C1A24729C1F008727E8 /* BaseViewController.swift */,
				04605C1E24729DC4008727E8 /* DataBinding.swift */,
				04605C342473C623008727E8 /* RoundableView.swift */,
				04605C362473C654008727E8 /* LTView.swift */,
				04605C402473CBD9008727E8 /* BaseNavigationController.swift */,
				04605C4A2473D318008727E8 /* LTTableCell.swift */,
				04826FCF24775BAB003AFEA7 /* LTCollectionViewCell.swift */,
				04826FD724777544003AFEA7 /* Toast.swift */,
			);
			path = Base;
			sourceTree = "<group>";
		};
		04605BF6247293DE008727E8 /* Entities */ = {
			isa = PBXGroup;
			children = (
			);
			path = Entities;
			sourceTree = "<group>";
		};
		04605BF7247293E4008727E8 /* UseCases */ = {
			isa = PBXGroup;
			children = (
			);
			path = UseCases;
			sourceTree = "<group>";
		};
		04605BF824729403008727E8 /* RepositoryInterface */ = {
			isa = PBXGroup;
			children = (
			);
			path = RepositoryInterface;
			sourceTree = "<group>";
		};
		04605BF92472954D008727E8 /* Repositories */ = {
			isa = PBXGroup;
			children = (
			);
			path = Repositories;
			sourceTree = "<group>";
		};
		04605BFA2472956C008727E8 /* Infrastructure */ = {
			isa = PBXGroup;
			children = (
				04605BFB24729584008727E8 /* Network */,
			);
			path = Infrastructure;
			sourceTree = "<group>";
		};
		04605BFB24729584008727E8 /* Network */ = {
			isa = PBXGroup;
			children = (
			);
			path = Network;
			sourceTree = "<group>";
		};
		04605BFC2472984E008727E8 /* Main */ = {
			isa = PBXGroup;
			children = (
				04605C06247299CB008727E8 /* View */,
				04605C07247299CF008727E8 /* ViewModel */,
			);
			path = Main;
			sourceTree = "<group>";
		};
		04605BFD24729889008727E8 /* Analyzes */ = {
			isa = PBXGroup;
			children = (
				04605C09247299DA008727E8 /* View */,
				04605C08247299D5008727E8 /* ViewModel */,
			);
			path = Analyzes;
			sourceTree = "<group>";
		};
		04605BFE24729898008727E8 /* DreamSelection */ = {
			isa = PBXGroup;
			children = (
				04605C0B247299E2008727E8 /* View */,
				04605C0A247299DE008727E8 /* ViewModel */,
			);
			path = DreamSelection;
			sourceTree = "<group>";
		};
		04605BFF247298B0008727E8 /* RecommendedNumber */ = {
			isa = PBXGroup;
			children = (
				04605C0D247299EA008727E8 /* View */,
				04605C0C247299E6008727E8 /* ViewModel */,
			);
			path = RecommendedNumber;
			sourceTree = "<group>";
		};
		04605C0024729909008727E8 /* History(Hide) */ = {
			isa = PBXGroup;
			children = (
				04605C0F247299F2008727E8 /* View */,
				04605C0E247299ED008727E8 /* ViewModel */,
			);
			path = "History(Hide)";
			sourceTree = "<group>";
		};
		04605C0124729918008727E8 /* MyNumbers */ = {
			isa = PBXGroup;
			children = (
				04605C11247299F9008727E8 /* View */,
				04605C10247299F5008727E8 /* ViewModel */,
			);
			path = MyNumbers;
			sourceTree = "<group>";
		};
		04605C0224729927008727E8 /* Settings */ = {
			isa = PBXGroup;
			children = (
				04605C1324729A01008727E8 /* View */,
				04605C12247299FD008727E8 /* ViewModel */,
			);
			path = Settings;
			sourceTree = "<group>";
		};
		04605C032472992C008727E8 /* Usages */ = {
			isa = PBXGroup;
			children = (
				04605C1724729A11008727E8 /* View */,
				04605C1624729A0C008727E8 /* ViewModel */,
			);
			path = Usages;
			sourceTree = "<group>";
		};
		04605C0424729940008727E8 /* ServiceCenter */ = {
			isa = PBXGroup;
			children = (
				04605C1524729A08008727E8 /* View */,
				04605C1424729A04008727E8 /* ViewModel */,
			);
			path = ServiceCenter;
			sourceTree = "<group>";
		};
		04605C06247299CB008727E8 /* View */ = {
			isa = PBXGroup;
			children = (
				04605C322473C538008727E8 /* Main.storyboard */,
				04605C3A2473C77F008727E8 /* MainViewController.swift */,
				040028042474BF2A009D3A22 /* MainCategoryCell.xib */,
				040028062474D3CB009D3A22 /* MainCategoryCell.swift */,
			);
			path = View;
			sourceTree = "<group>";
		};
		04605C07247299CF008727E8 /* ViewModel */ = {
			isa = PBXGroup;
			children = (
				0400280D2475004D009D3A22 /* MainViewModel.swift */,
			);
			path = ViewModel;
			sourceTree = "<group>";
		};
		04605C08247299D5008727E8 /* ViewModel */ = {
			isa = PBXGroup;
			children = (
				0400280B2474E006009D3A22 /* AnalyzesViewModel.swift */,
			);
			path = ViewModel;
			sourceTree = "<group>";
		};
		04605C09247299DA008727E8 /* View */ = {
			isa = PBXGroup;
			children = (
				04605C3C2473C964008727E8 /* Analyzes.storyboard */,
				04605C3E2473CAB8008727E8 /* AnalyzesViewController.swift */,
			);
			path = View;
			sourceTree = "<group>";
		};
		04605C0A247299DE008727E8 /* ViewModel */ = {
			isa = PBXGroup;
			children = (
				048AEBFF24764AF5009130DA /* DreamSelectionViewModel.swift */,
			);
			path = ViewModel;
			sourceTree = "<group>";
		};
		04605C0B247299E2008727E8 /* View */ = {
			isa = PBXGroup;
			children = (
				048AEBF924762B57009130DA /* DreamSelection.storyboard */,
				048AEBFB24762B92009130DA /* DreamSelectionViewController.swift */,
			);
			path = View;
			sourceTree = "<group>";
		};
		04605C0C247299E6008727E8 /* ViewModel */ = {
			isa = PBXGroup;
			children = (
			);
			path = ViewModel;
			sourceTree = "<group>";
		};
		04605C0D247299EA008727E8 /* View */ = {
			isa = PBXGroup;
			children = (
				048AEBFD24762BFA009130DA /* Recommended.storyboard */,
				04605C442473CF93008727E8 /* RecommendedViewController.swift */,
				04605C462473D016008727E8 /* RecommendedCell.xib */,
				04605C482473D2FA008727E8 /* RecommendedCell.swift */,
			);
			path = View;
			sourceTree = "<group>";
		};
		04605C0E247299ED008727E8 /* ViewModel */ = {
			isa = PBXGroup;
			children = (
			);
			path = ViewModel;
			sourceTree = "<group>";
		};
		04605C0F247299F2008727E8 /* View */ = {
			isa = PBXGroup;
			children = (
				04605C4C2473D66D008727E8 /* LottoHistoryCell.xib */,
				04605C4E2473D798008727E8 /* LottoHistoryCell.swift */,
				04605C502473D9BF008727E8 /* LottoHistory.storyboard */,
				04605C522473DA61008727E8 /* LottoHistoryViewController.swift */,
			);
			path = View;
			sourceTree = "<group>";
		};
		04605C10247299F5008727E8 /* ViewModel */ = {
			isa = PBXGroup;
			children = (
			);
			path = ViewModel;
			sourceTree = "<group>";
		};
		04605C11247299F9008727E8 /* View */ = {
			isa = PBXGroup;
			children = (
				04605C582473EFD3008727E8 /* MyNumbers.storyboard */,
				04605C5A2473F09F008727E8 /* MyNumbersViewController.swift */,
			);
			path = View;
			sourceTree = "<group>";
		};
		04605C12247299FD008727E8 /* ViewModel */ = {
			isa = PBXGroup;
			children = (
			);
			path = ViewModel;
			sourceTree = "<group>";
		};
		04605C1324729A01008727E8 /* View */ = {
			isa = PBXGroup;
			children = (
				04605C542473E6A4008727E8 /* Settings.storyboard */,
				04605C562473E932008727E8 /* SettingsViewController.swift */,
			);
			path = View;
			sourceTree = "<group>";
		};
		04605C1424729A04008727E8 /* ViewModel */ = {
			isa = PBXGroup;
			children = (
			);
			path = ViewModel;
			sourceTree = "<group>";
		};
		04605C1524729A08008727E8 /* View */ = {
			isa = PBXGroup;
			children = (
			);
			path = View;
			sourceTree = "<group>";
		};
		04605C1624729A0C008727E8 /* ViewModel */ = {
			isa = PBXGroup;
			children = (
			);
			path = ViewModel;
			sourceTree = "<group>";
		};
		04605C1724729A11008727E8 /* View */ = {
			isa = PBXGroup;
			children = (
			);
			path = View;
			sourceTree = "<group>";
		};
		048AEC0124768F4A009130DA /* RandomGenerator */ = {
			isa = PBXGroup;
			children = (
				048AEC0224768F62009130DA /* View */,
				048AEC0324768F65009130DA /* ViewModel */,
			);
			path = RandomGenerator;
			sourceTree = "<group>";
		};
		048AEC0224768F62009130DA /* View */ = {
			isa = PBXGroup;
			children = (
				048AEC0424768F6E009130DA /* Random.storyboard */,
				04826FC92477578A003AFEA7 /* RandomGeneratorViewController.swift */,
				04826FCB24775B14003AFEA7 /* LottoBallCell.xib */,
				04826FCD24775B27003AFEA7 /* LottoBallCell.swift */,
				04826FD124776000003AFEA7 /* LottoBallHeaderView.swift */,
				04826FD32477600A003AFEA7 /* LottoBallHeaderView.xib */,
			);
			path = View;
			sourceTree = "<group>";
		};
		048AEC0324768F65009130DA /* ViewModel */ = {
			isa = PBXGroup;
			children = (
				04826FD9247785DF003AFEA7 /* RandomGeneratorViewModel.swift */,
			);
			path = ViewModel;
			sourceTree = "<group>";
		};
		158043A5E71D340455357725 /* Frameworks */ = {
			isa = PBXGroup;
			children = (
				D5CE8AEA374964D41D3AE4F6 /* Pods_Lotto365.framework */,
			);
			name = Frameworks;
			sourceTree = "<group>";
		};
		767C76443C63A9EDFB163050 /* Pods */ = {
			isa = PBXGroup;
			children = (
				15E104ABC2122FCC48507374 /* Pods-Lotto365.debug.xcconfig */,
				50822B85C0B19C099B3B71E8 /* Pods-Lotto365.release.xcconfig */,
			);
			path = Pods;
			sourceTree = "<group>";
		};
/* End PBXGroup section */

/* Begin PBXNativeTarget section */
		04605BD0247291C5008727E8 /* Lotto365 */ = {
			isa = PBXNativeTarget;
			buildConfigurationList = 04605BE5247291C6008727E8 /* Build configuration list for PBXNativeTarget "Lotto365" */;
			buildPhases = (
				A209C53B80F97C1D639F7CA4 /* [CP] Check Pods Manifest.lock */,
				04605BCD247291C5008727E8 /* Sources */,
				04605BCE247291C5008727E8 /* Frameworks */,
				04605BCF247291C5008727E8 /* Resources */,
				BEF76E2DDDA8DD8E8FB9D039 /* [CP] Embed Pods Frameworks */,
			);
			buildRules = (
			);
			dependencies = (
			);
			name = Lotto365;
			productName = Lotto365;
			productReference = 04605BD1247291C5008727E8 /* Lotto365.app */;
			productType = "com.apple.product-type.application";
		};
/* End PBXNativeTarget section */

/* Begin PBXProject section */
		04605BC9247291C5008727E8 /* Project object */ = {
			isa = PBXProject;
			attributes = {
				LastSwiftUpdateCheck = 1130;
				LastUpgradeCheck = 1130;
				ORGANIZATIONNAME = "FACTORY X";
				TargetAttributes = {
					04605BD0247291C5008727E8 = {
						CreatedOnToolsVersion = 11.3.1;
					};
				};
			};
			buildConfigurationList = 04605BCC247291C5008727E8 /* Build configuration list for PBXProject "Lotto365" */;
			compatibilityVersion = "Xcode 9.3";
			developmentRegion = en;
			hasScannedForEncodings = 0;
			knownRegions = (
				en,
				Base,
			);
			mainGroup = 04605BC8247291C5008727E8;
			productRefGroup = 04605BD2247291C5008727E8 /* Products */;
			projectDirPath = "";
			projectRoot = "";
			targets = (
				04605BD0247291C5008727E8 /* Lotto365 */,
			);
		};
/* End PBXProject section */

/* Begin PBXResourcesBuildPhase section */
		04605BCF247291C5008727E8 /* Resources */ = {
			isa = PBXResourcesBuildPhase;
			buildActionMask = 2147483647;
			files = (
				04605BE1247291C6008727E8 /* LaunchScreen.storyboard in Resources */,
				04605C4D2473D66D008727E8 /* LottoHistoryCell.xib in Resources */,
				04605C472473D016008727E8 /* RecommendedCell.xib in Resources */,
				04826FD42477600A003AFEA7 /* LottoBallHeaderView.xib in Resources */,
				04605C512473D9BF008727E8 /* LottoHistory.storyboard in Resources */,
				04605C592473EFD3008727E8 /* MyNumbers.storyboard in Resources */,
				04605C332473C538008727E8 /* Main.storyboard in Resources */,
				048AEBFA24762B57009130DA /* DreamSelection.storyboard in Resources */,
				048AEC0524768F6E009130DA /* Random.storyboard in Resources */,
				04605BDE247291C6008727E8 /* Assets.xcassets in Resources */,
				04605C2524737A8D008727E8 /* GoogleService-Info.plist in Resources */,
				040028052474BF2A009D3A22 /* MainCategoryCell.xib in Resources */,
				048AEBFE24762BFA009130DA /* Recommended.storyboard in Resources */,
				04605C312473B15F008727E8 /* Dreams.json in Resources */,
				04605C3D2473C964008727E8 /* Analyzes.storyboard in Resources */,
				04605C552473E6A4008727E8 /* Settings.storyboard in Resources */,
				04826FCC24775B14003AFEA7 /* LottoBallCell.xib in Resources */,
			);
			runOnlyForDeploymentPostprocessing = 0;
		};
/* End PBXResourcesBuildPhase section */

/* Begin PBXShellScriptBuildPhase section */
		A209C53B80F97C1D639F7CA4 /* [CP] Check Pods Manifest.lock */ = {
			isa = PBXShellScriptBuildPhase;
			buildActionMask = 2147483647;
			files = (
			);
			inputFileListPaths = (
			);
			inputPaths = (
				"${PODS_PODFILE_DIR_PATH}/Podfile.lock",
				"${PODS_ROOT}/Manifest.lock",
			);
			name = "[CP] Check Pods Manifest.lock";
			outputFileListPaths = (
			);
			outputPaths = (
				"$(DERIVED_FILE_DIR)/Pods-Lotto365-checkManifestLockResult.txt",
			);
			runOnlyForDeploymentPostprocessing = 0;
			shellPath = /bin/sh;
			shellScript = "diff \"${PODS_PODFILE_DIR_PATH}/Podfile.lock\" \"${PODS_ROOT}/Manifest.lock\" > /dev/null\nif [ $? != 0 ] ; then\n    # print error to STDERR\n    echo \"error: The sandbox is not in sync with the Podfile.lock. Run 'pod install' or update your CocoaPods installation.\" >&2\n    exit 1\nfi\n# This output is used by Xcode 'outputs' to avoid re-running this script phase.\necho \"SUCCESS\" > \"${SCRIPT_OUTPUT_FILE_0}\"\n";
			showEnvVarsInLog = 0;
		};
		BEF76E2DDDA8DD8E8FB9D039 /* [CP] Embed Pods Frameworks */ = {
			isa = PBXShellScriptBuildPhase;
			buildActionMask = 2147483647;
			files = (
			);
			inputFileListPaths = (
			);
			inputPaths = (
				"${PODS_ROOT}/Target Support Files/Pods-Lotto365/Pods-Lotto365-frameworks.sh",
				"${BUILT_PRODUCTS_DIR}/Alamofire/Alamofire.framework",
				"${BUILT_PRODUCTS_DIR}/GoogleUtilities/GoogleUtilities.framework",
				"${BUILT_PRODUCTS_DIR}/Moya/Moya.framework",
				"${BUILT_PRODUCTS_DIR}/Moya-ObjectMapper/Moya_ObjectMapper.framework",
				"${BUILT_PRODUCTS_DIR}/ObjectMapper/ObjectMapper.framework",
				"${BUILT_PRODUCTS_DIR}/PromisesObjC/FBLPromises.framework",
				"${BUILT_PRODUCTS_DIR}/Protobuf/protobuf.framework",
				"${BUILT_PRODUCTS_DIR}/Realm/Realm.framework",
				"${BUILT_PRODUCTS_DIR}/RealmSwift/RealmSwift.framework",
				"${BUILT_PRODUCTS_DIR}/RxCocoa/RxCocoa.framework",
				"${BUILT_PRODUCTS_DIR}/RxRealm/RxRealm.framework",
				"${BUILT_PRODUCTS_DIR}/RxRelay/RxRelay.framework",
				"${BUILT_PRODUCTS_DIR}/RxSwift/RxSwift.framework",
				"${BUILT_PRODUCTS_DIR}/RxViewController/RxViewController.framework",
				"${BUILT_PRODUCTS_DIR}/nanopb/nanopb.framework",
			);
			name = "[CP] Embed Pods Frameworks";
			outputFileListPaths = (
			);
			outputPaths = (
				"${TARGET_BUILD_DIR}/${FRAMEWORKS_FOLDER_PATH}/Alamofire.framework",
				"${TARGET_BUILD_DIR}/${FRAMEWORKS_FOLDER_PATH}/GoogleUtilities.framework",
				"${TARGET_BUILD_DIR}/${FRAMEWORKS_FOLDER_PATH}/Moya.framework",
				"${TARGET_BUILD_DIR}/${FRAMEWORKS_FOLDER_PATH}/Moya_ObjectMapper.framework",
				"${TARGET_BUILD_DIR}/${FRAMEWORKS_FOLDER_PATH}/ObjectMapper.framework",
				"${TARGET_BUILD_DIR}/${FRAMEWORKS_FOLDER_PATH}/FBLPromises.framework",
				"${TARGET_BUILD_DIR}/${FRAMEWORKS_FOLDER_PATH}/protobuf.framework",
				"${TARGET_BUILD_DIR}/${FRAMEWORKS_FOLDER_PATH}/Realm.framework",
				"${TARGET_BUILD_DIR}/${FRAMEWORKS_FOLDER_PATH}/RealmSwift.framework",
				"${TARGET_BUILD_DIR}/${FRAMEWORKS_FOLDER_PATH}/RxCocoa.framework",
				"${TARGET_BUILD_DIR}/${FRAMEWORKS_FOLDER_PATH}/RxRealm.framework",
				"${TARGET_BUILD_DIR}/${FRAMEWORKS_FOLDER_PATH}/RxRelay.framework",
				"${TARGET_BUILD_DIR}/${FRAMEWORKS_FOLDER_PATH}/RxSwift.framework",
				"${TARGET_BUILD_DIR}/${FRAMEWORKS_FOLDER_PATH}/RxViewController.framework",
				"${TARGET_BUILD_DIR}/${FRAMEWORKS_FOLDER_PATH}/nanopb.framework",
			);
			runOnlyForDeploymentPostprocessing = 0;
			shellPath = /bin/sh;
			shellScript = "\"${PODS_ROOT}/Target Support Files/Pods-Lotto365/Pods-Lotto365-frameworks.sh\"\n";
			showEnvVarsInLog = 0;
		};
/* End PBXShellScriptBuildPhase section */

/* Begin PBXSourcesBuildPhase section */
		04605BCD247291C5008727E8 /* Sources */ = {
			isa = PBXSourcesBuildPhase;
			buildActionMask = 2147483647;
			files = (
				04605C1F24729DC4008727E8 /* DataBinding.swift in Sources */,
				04826FD224776000003AFEA7 /* LottoBallHeaderView.swift in Sources */,
				04605C352473C623008727E8 /* RoundableView.swift in Sources */,
				04605C392473C6C0008727E8 /* UIView+Extension.swift in Sources */,
				04826FCE24775B27003AFEA7 /* LottoBallCell.swift in Sources */,
				04605C372473C654008727E8 /* LTView.swift in Sources */,
				048AEBFC24762B92009130DA /* DreamSelectionViewController.swift in Sources */,
				04605BD5247291C5008727E8 /* AppDelegate.swift in Sources */,
				04826FD024775BAB003AFEA7 /* LTCollectionViewCell.swift in Sources */,
				048AEBF824762A24009130DA /* Key.swift in Sources */,
				048AEC0024764AF5009130DA /* DreamSelectionViewModel.swift in Sources */,
				04605C4F2473D798008727E8 /* LottoHistoryCell.swift in Sources */,
				0400280C2474E006009D3A22 /* AnalyzesViewModel.swift in Sources */,
				0400281324753150009D3A22 /* QRScannerViewController.swift in Sources */,
				04605C3B2473C77F008727E8 /* MainViewController.swift in Sources */,
				04605C452473CF93008727E8 /* RecommendedViewController.swift in Sources */,
				04605C412473CBD9008727E8 /* BaseNavigationController.swift in Sources */,
				04826FD824777544003AFEA7 /* Toast.swift in Sources */,
				04605C3F2473CAB8008727E8 /* AnalyzesViewController.swift in Sources */,
				04605C1924729A6E008727E8 /* LaunchViewController.swift in Sources */,
				04826FD624776E96003AFEA7 /* UIColor + Extension.swift in Sources */,
				04605C1B24729C1F008727E8 /* BaseViewController.swift in Sources */,
				04605C432473CCD2008727E8 /* Utils.swift in Sources */,
				04826FCA2477578A003AFEA7 /* RandomGeneratorViewController.swift in Sources */,
				04605C5B2473F09F008727E8 /* MyNumbersViewController.swift in Sources */,
				04605C532473DA61008727E8 /* LottoHistoryViewController.swift in Sources */,
				040028072474D3CB009D3A22 /* MainCategoryCell.swift in Sources */,
				04605C492473D2FA008727E8 /* RecommendedCell.swift in Sources */,
				04605C4B2473D318008727E8 /* LTTableCell.swift in Sources */,
				0400280A2474D8AB009D3A22 /* Segue.swift in Sources */,
				04605C572473E932008727E8 /* SettingsViewController.swift in Sources */,
				04826FDA247785DF003AFEA7 /* RandomGeneratorViewModel.swift in Sources */,
				0400280E2475004D009D3A22 /* MainViewModel.swift in Sources */,
			);
			runOnlyForDeploymentPostprocessing = 0;
		};
/* End PBXSourcesBuildPhase section */

/* Begin PBXVariantGroup section */
		04605BDF247291C6008727E8 /* LaunchScreen.storyboard */ = {
			isa = PBXVariantGroup;
			children = (
				04605BE0247291C6008727E8 /* Base */,
			);
			name = LaunchScreen.storyboard;
			sourceTree = "<group>";
		};
/* End PBXVariantGroup section */

/* Begin XCBuildConfiguration section */
		04605BE3247291C6008727E8 /* Debug */ = {
			isa = XCBuildConfiguration;
			buildSettings = {
				ALWAYS_SEARCH_USER_PATHS = NO;
				CLANG_ANALYZER_NONNULL = YES;
				CLANG_ANALYZER_NUMBER_OBJECT_CONVERSION = YES_AGGRESSIVE;
				CLANG_CXX_LANGUAGE_STANDARD = "gnu++14";
				CLANG_CXX_LIBRARY = "libc++";
				CLANG_ENABLE_MODULES = YES;
				CLANG_ENABLE_OBJC_ARC = YES;
				CLANG_ENABLE_OBJC_WEAK = YES;
				CLANG_WARN_BLOCK_CAPTURE_AUTORELEASING = YES;
				CLANG_WARN_BOOL_CONVERSION = YES;
				CLANG_WARN_COMMA = YES;
				CLANG_WARN_CONSTANT_CONVERSION = YES;
				CLANG_WARN_DEPRECATED_OBJC_IMPLEMENTATIONS = YES;
				CLANG_WARN_DIRECT_OBJC_ISA_USAGE = YES_ERROR;
				CLANG_WARN_DOCUMENTATION_COMMENTS = YES;
				CLANG_WARN_EMPTY_BODY = YES;
				CLANG_WARN_ENUM_CONVERSION = YES;
				CLANG_WARN_INFINITE_RECURSION = YES;
				CLANG_WARN_INT_CONVERSION = YES;
				CLANG_WARN_NON_LITERAL_NULL_CONVERSION = YES;
				CLANG_WARN_OBJC_IMPLICIT_RETAIN_SELF = YES;
				CLANG_WARN_OBJC_LITERAL_CONVERSION = YES;
				CLANG_WARN_OBJC_ROOT_CLASS = YES_ERROR;
				CLANG_WARN_RANGE_LOOP_ANALYSIS = YES;
				CLANG_WARN_STRICT_PROTOTYPES = YES;
				CLANG_WARN_SUSPICIOUS_MOVE = YES;
				CLANG_WARN_UNGUARDED_AVAILABILITY = YES_AGGRESSIVE;
				CLANG_WARN_UNREACHABLE_CODE = YES;
				CLANG_WARN__DUPLICATE_METHOD_MATCH = YES;
				COPY_PHASE_STRIP = NO;
				DEBUG_INFORMATION_FORMAT = dwarf;
				ENABLE_STRICT_OBJC_MSGSEND = YES;
				ENABLE_TESTABILITY = YES;
				GCC_C_LANGUAGE_STANDARD = gnu11;
				GCC_DYNAMIC_NO_PIC = NO;
				GCC_NO_COMMON_BLOCKS = YES;
				GCC_OPTIMIZATION_LEVEL = 0;
				GCC_PREPROCESSOR_DEFINITIONS = (
					"DEBUG=1",
					"$(inherited)",
				);
				GCC_WARN_64_TO_32_BIT_CONVERSION = YES;
				GCC_WARN_ABOUT_RETURN_TYPE = YES_ERROR;
				GCC_WARN_UNDECLARED_SELECTOR = YES;
				GCC_WARN_UNINITIALIZED_AUTOS = YES_AGGRESSIVE;
				GCC_WARN_UNUSED_FUNCTION = YES;
				GCC_WARN_UNUSED_VARIABLE = YES;
				IPHONEOS_DEPLOYMENT_TARGET = 11.0;
				MTL_ENABLE_DEBUG_INFO = INCLUDE_SOURCE;
				MTL_FAST_MATH = YES;
				ONLY_ACTIVE_ARCH = YES;
				SDKROOT = iphoneos;
				SWIFT_ACTIVE_COMPILATION_CONDITIONS = DEBUG;
				SWIFT_OPTIMIZATION_LEVEL = "-Onone";
			};
			name = Debug;
		};
		04605BE4247291C6008727E8 /* Release */ = {
			isa = XCBuildConfiguration;
			buildSettings = {
				ALWAYS_SEARCH_USER_PATHS = NO;
				CLANG_ANALYZER_NONNULL = YES;
				CLANG_ANALYZER_NUMBER_OBJECT_CONVERSION = YES_AGGRESSIVE;
				CLANG_CXX_LANGUAGE_STANDARD = "gnu++14";
				CLANG_CXX_LIBRARY = "libc++";
				CLANG_ENABLE_MODULES = YES;
				CLANG_ENABLE_OBJC_ARC = YES;
				CLANG_ENABLE_OBJC_WEAK = YES;
				CLANG_WARN_BLOCK_CAPTURE_AUTORELEASING = YES;
				CLANG_WARN_BOOL_CONVERSION = YES;
				CLANG_WARN_COMMA = YES;
				CLANG_WARN_CONSTANT_CONVERSION = YES;
				CLANG_WARN_DEPRECATED_OBJC_IMPLEMENTATIONS = YES;
				CLANG_WARN_DIRECT_OBJC_ISA_USAGE = YES_ERROR;
				CLANG_WARN_DOCUMENTATION_COMMENTS = YES;
				CLANG_WARN_EMPTY_BODY = YES;
				CLANG_WARN_ENUM_CONVERSION = YES;
				CLANG_WARN_INFINITE_RECURSION = YES;
				CLANG_WARN_INT_CONVERSION = YES;
				CLANG_WARN_NON_LITERAL_NULL_CONVERSION = YES;
				CLANG_WARN_OBJC_IMPLICIT_RETAIN_SELF = YES;
				CLANG_WARN_OBJC_LITERAL_CONVERSION = YES;
				CLANG_WARN_OBJC_ROOT_CLASS = YES_ERROR;
				CLANG_WARN_RANGE_LOOP_ANALYSIS = YES;
				CLANG_WARN_STRICT_PROTOTYPES = YES;
				CLANG_WARN_SUSPICIOUS_MOVE = YES;
				CLANG_WARN_UNGUARDED_AVAILABILITY = YES_AGGRESSIVE;
				CLANG_WARN_UNREACHABLE_CODE = YES;
				CLANG_WARN__DUPLICATE_METHOD_MATCH = YES;
				COPY_PHASE_STRIP = NO;
				DEBUG_INFORMATION_FORMAT = "dwarf-with-dsym";
				ENABLE_NS_ASSERTIONS = NO;
				ENABLE_STRICT_OBJC_MSGSEND = YES;
				GCC_C_LANGUAGE_STANDARD = gnu11;
				GCC_NO_COMMON_BLOCKS = YES;
				GCC_WARN_64_TO_32_BIT_CONVERSION = YES;
				GCC_WARN_ABOUT_RETURN_TYPE = YES_ERROR;
				GCC_WARN_UNDECLARED_SELECTOR = YES;
				GCC_WARN_UNINITIALIZED_AUTOS = YES_AGGRESSIVE;
				GCC_WARN_UNUSED_FUNCTION = YES;
				GCC_WARN_UNUSED_VARIABLE = YES;
				IPHONEOS_DEPLOYMENT_TARGET = 11.0;
				MTL_ENABLE_DEBUG_INFO = NO;
				MTL_FAST_MATH = YES;
				SDKROOT = iphoneos;
				SWIFT_COMPILATION_MODE = wholemodule;
				SWIFT_OPTIMIZATION_LEVEL = "-O";
				VALIDATE_PRODUCT = YES;
			};
			name = Release;
		};
		04605BE6247291C6008727E8 /* Debug */ = {
			isa = XCBuildConfiguration;
			baseConfigurationReference = 15E104ABC2122FCC48507374 /* Pods-Lotto365.debug.xcconfig */;
			buildSettings = {
				ASSETCATALOG_COMPILER_APPICON_NAME = AppIcon;
				CODE_SIGN_ENTITLEMENTS = Lotto365/Lotto365.entitlements;
				CODE_SIGN_STYLE = Automatic;
				DEVELOPMENT_TEAM = FUF4YMXS3K;
				INFOPLIST_FILE = Lotto365/Info.plist;
				LD_RUNPATH_SEARCH_PATHS = (
					"$(inherited)",
					"@executable_path/Frameworks",
				);
				PRODUCT_BUNDLE_IDENTIFIER = kr.co.factoryx.Lotto365;
				PRODUCT_NAME = "$(TARGET_NAME)";
				SWIFT_VERSION = 5.0;
				TARGETED_DEVICE_FAMILY = 1;
			};
			name = Debug;
		};
		04605BE7247291C6008727E8 /* Release */ = {
			isa = XCBuildConfiguration;
			baseConfigurationReference = 50822B85C0B19C099B3B71E8 /* Pods-Lotto365.release.xcconfig */;
			buildSettings = {
				ASSETCATALOG_COMPILER_APPICON_NAME = AppIcon;
				CODE_SIGN_ENTITLEMENTS = Lotto365/Lotto365.entitlements;
				CODE_SIGN_STYLE = Automatic;
				DEVELOPMENT_TEAM = FUF4YMXS3K;
				INFOPLIST_FILE = Lotto365/Info.plist;
				LD_RUNPATH_SEARCH_PATHS = (
					"$(inherited)",
					"@executable_path/Frameworks",
				);
				PRODUCT_BUNDLE_IDENTIFIER = kr.co.factoryx.Lotto365;
				PRODUCT_NAME = "$(TARGET_NAME)";
				SWIFT_VERSION = 5.0;
				TARGETED_DEVICE_FAMILY = 1;
			};
			name = Release;
		};
/* End XCBuildConfiguration section */

/* Begin XCConfigurationList section */
		04605BCC247291C5008727E8 /* Build configuration list for PBXProject "Lotto365" */ = {
			isa = XCConfigurationList;
			buildConfigurations = (
				04605BE3247291C6008727E8 /* Debug */,
				04605BE4247291C6008727E8 /* Release */,
			);
			defaultConfigurationIsVisible = 0;
			defaultConfigurationName = Release;
		};
		04605BE5247291C6008727E8 /* Build configuration list for PBXNativeTarget "Lotto365" */ = {
			isa = XCConfigurationList;
			buildConfigurations = (
				04605BE6247291C6008727E8 /* Debug */,
				04605BE7247291C6008727E8 /* Release */,
			);
			defaultConfigurationIsVisible = 0;
			defaultConfigurationName = Release;
		};
/* End XCConfigurationList section */
	};
	rootObject = 04605BC9247291C5008727E8 /* Project object */;
}
